
Microsoft Visual Studio Solution File, Format Version 12.00
# Visual Studio Express 2012 for Windows Desktop
Project("{FAE04EC0-301F-11D3-BF4B-00C04F79EFBC}") = "AntennaRelay", "AntennaRelay.csproj", "{71A113D1-1738-4D80-A115-F585817A6404}"
EndProject
Project("{FAE04EC0-301F-11D3-BF4B-00C04F79EFBC}") = "Logger", "..\..\Logger\Logger.csproj", "{34F8B86F-21E6-432B-B644-ADE6C1E573AE}"
EndProject
Global
	GlobalSection(SolutionConfigurationPlatforms) = preSolution
		Debug|Any CPU = Debug|Any CPU
		Release|Any CPU = Release|Any CPU
	EndGlobalSection
	GlobalSection(ProjectConfigurationPlatforms) = postSolution
		{71A113D1-1738-4D80-A115-F585817A6404}.Debug|Any CPU.ActiveCfg = Debug|Any CPU
		{71A113D1-1738-4D80-A115-F585817A6404}.Debug|Any CPU.Build.0 = Debug|Any CPU
		{71A113D1-1738-4D80-A115-F585817A6404}.Release|Any CPU.ActiveCfg = Release|Any CPU
		{71A113D1-1738-4D80-A115-F585817A6404}.Release|Any CPU.Build.0 = Release|Any CPU
		{34F8B86F-21E6-432B-B644-ADE6C1E573AE}.Debug|Any CPU.ActiveCfg = Debug|Any CPU
		{34F8B86F-21E6-432B-B644-ADE6C1E573AE}.Debug|Any CPU.Build.0 = Debug|Any CPU
		{34F8B86F-21E6-432B-B644-ADE6C1E573AE}.Release|Any CPU.ActiveCfg = Release|Any CPU
		{34F8B86F-21E6-432B-B644-ADE6C1E573AE}.Release|Any CPU.Build.0 = Release|Any CPU
	EndGlobalSection
	GlobalSection(SolutionProperties) = preSolution
		HideSolutionNode = FALSE
	EndGlobalSection
EndGlobal
