
Microsoft Visual Studio Solution File, Format Version 12.00
# Visual Studio 14
VisualStudioVersion = 14.0.25420.1
MinimumVisualStudioVersion = 10.0.40219.1
Project("{FAE04EC0-301F-11D3-BF4B-00C04F79EFBC}") = "ARMS", "ARMS.csproj", "{76D2857A-6AAB-4DAD-8BCA-498984875AED}"
EndProject
Project("{FAE04EC0-301F-11D3-BF4B-00C04F79EFBC}") = "SteamShipped", "SteamShipped\SteamShipped.csproj", "{07082A56-DEB8-40F6-92E0-E57B5765FFC7}"
EndProject
Global
	GlobalSection(SolutionConfigurationPlatforms) = preSolution
		Debug|x64 = Debug|x64
		Debug-Unstable|x64 = Debug-Unstable|x64
		Profile|x64 = Profile|x64
		Release|x64 = Release|x64
		Release-Unstable|x64 = Release-Unstable|x64
	EndGlobalSection
	GlobalSection(ProjectConfigurationPlatforms) = postSolution
		{76D2857A-6AAB-4DAD-8BCA-498984875AED}.Debug|x64.ActiveCfg = Debug|x64
		{76D2857A-6AAB-4DAD-8BCA-498984875AED}.Debug|x64.Build.0 = Debug|x64
		{76D2857A-6AAB-4DAD-8BCA-498984875AED}.Debug|x64.Deploy.0 = Debug|x64
		{76D2857A-6AAB-4DAD-8BCA-498984875AED}.Debug-Unstable|x64.ActiveCfg = Debug-Unstable|x64
		{76D2857A-6AAB-4DAD-8BCA-498984875AED}.Debug-Unstable|x64.Build.0 = Debug-Unstable|x64
		{76D2857A-6AAB-4DAD-8BCA-498984875AED}.Debug-Unstable|x64.Deploy.0 = Debug-Unstable|x64
		{76D2857A-6AAB-4DAD-8BCA-498984875AED}.Profile|x64.ActiveCfg = Profile|x64
		{76D2857A-6AAB-4DAD-8BCA-498984875AED}.Profile|x64.Build.0 = Profile|x64
		{76D2857A-6AAB-4DAD-8BCA-498984875AED}.Release|x64.ActiveCfg = Release|x64
		{76D2857A-6AAB-4DAD-8BCA-498984875AED}.Release|x64.Build.0 = Release|x64
		{76D2857A-6AAB-4DAD-8BCA-498984875AED}.Release-Unstable|x64.ActiveCfg = Release-Unstable|x64
		{76D2857A-6AAB-4DAD-8BCA-498984875AED}.Release-Unstable|x64.Build.0 = Release-Unstable|x64
		{07082A56-DEB8-40F6-92E0-E57B5765FFC7}.Debug|x64.ActiveCfg = Release|x64
		{07082A56-DEB8-40F6-92E0-E57B5765FFC7}.Debug|x64.Build.0 = Release|x64
		{07082A56-DEB8-40F6-92E0-E57B5765FFC7}.Debug-Unstable|x64.ActiveCfg = Release|x64
		{07082A56-DEB8-40F6-92E0-E57B5765FFC7}.Debug-Unstable|x64.Build.0 = Release|x64
		{07082A56-DEB8-40F6-92E0-E57B5765FFC7}.Profile|x64.ActiveCfg = Release|x64
		{07082A56-DEB8-40F6-92E0-E57B5765FFC7}.Profile|x64.Build.0 = Release|x64
		{07082A56-DEB8-40F6-92E0-E57B5765FFC7}.Release|x64.ActiveCfg = Release|x64
		{07082A56-DEB8-40F6-92E0-E57B5765FFC7}.Release-Unstable|x64.ActiveCfg = Release|x64
		{07082A56-DEB8-40F6-92E0-E57B5765FFC7}.Release-Unstable|x64.Build.0 = Release|x64
	EndGlobalSection
	GlobalSection(SolutionProperties) = preSolution
		HideSolutionNode = FALSE
	EndGlobalSection
EndGlobal
