
Microsoft Visual Studio Solution File, Format Version 12.00
# Visual Studio Express 2012 for Windows Desktop
Project("{FAE04EC0-301F-11D3-BF4B-00C04F79EFBC}") = "Autopilot", "Autopilot.csproj", "{908CA65F-ADE4-40C9-AE14-2B79C282F4C2}"
EndProject
Project("{FAE04EC0-301F-11D3-BF4B-00C04F79EFBC}") = "AntennaRelay", "..\..\AntennaRelay\Scripts\AntennaRelay.csproj", "{71A113D1-1738-4D80-A115-F585817A6404}"
EndProject
Project("{FAE04EC0-301F-11D3-BF4B-00C04F79EFBC}") = "Utility", "..\..\Utility\scripts\Utility.csproj", "{34F8B86F-21E6-432B-B644-ADE6C1E573AE}"
EndProject
Project("{FAE04EC0-301F-11D3-BF4B-00C04F79EFBC}") = "TurretControl", "..\..\TurretControl\Scripts\TurretControl.csproj", "{EB5F5114-91AC-4CD5-9C38-36B15AA67B64}"
EndProject
Global
	GlobalSection(SolutionConfigurationPlatforms) = preSolution
		Debug|Any CPU = Debug|Any CPU
		Debug|Mixed Platforms = Debug|Mixed Platforms
		Debug|x86 = Debug|x86
		Release|Any CPU = Release|Any CPU
		Release|Mixed Platforms = Release|Mixed Platforms
		Release|x86 = Release|x86
	EndGlobalSection
	GlobalSection(ProjectConfigurationPlatforms) = postSolution
		{908CA65F-ADE4-40C9-AE14-2B79C282F4C2}.Debug|Any CPU.ActiveCfg = Debug|Any CPU
		{908CA65F-ADE4-40C9-AE14-2B79C282F4C2}.Debug|Any CPU.Build.0 = Debug|Any CPU
		{908CA65F-ADE4-40C9-AE14-2B79C282F4C2}.Debug|Mixed Platforms.ActiveCfg = Debug|x86
		{908CA65F-ADE4-40C9-AE14-2B79C282F4C2}.Debug|Mixed Platforms.Build.0 = Debug|x86
		{908CA65F-ADE4-40C9-AE14-2B79C282F4C2}.Debug|x86.ActiveCfg = Debug|x86
		{908CA65F-ADE4-40C9-AE14-2B79C282F4C2}.Debug|x86.Build.0 = Debug|x86
		{908CA65F-ADE4-40C9-AE14-2B79C282F4C2}.Release|Any CPU.ActiveCfg = Release|Any CPU
		{908CA65F-ADE4-40C9-AE14-2B79C282F4C2}.Release|Any CPU.Build.0 = Release|Any CPU
		{908CA65F-ADE4-40C9-AE14-2B79C282F4C2}.Release|Mixed Platforms.ActiveCfg = Release|x86
		{908CA65F-ADE4-40C9-AE14-2B79C282F4C2}.Release|Mixed Platforms.Build.0 = Release|x86
		{908CA65F-ADE4-40C9-AE14-2B79C282F4C2}.Release|x86.ActiveCfg = Release|x86
		{908CA65F-ADE4-40C9-AE14-2B79C282F4C2}.Release|x86.Build.0 = Release|x86
		{71A113D1-1738-4D80-A115-F585817A6404}.Debug|Any CPU.ActiveCfg = Debug|Any CPU
		{71A113D1-1738-4D80-A115-F585817A6404}.Debug|Any CPU.Build.0 = Debug|Any CPU
		{71A113D1-1738-4D80-A115-F585817A6404}.Debug|Mixed Platforms.ActiveCfg = Debug|Any CPU
		{71A113D1-1738-4D80-A115-F585817A6404}.Debug|Mixed Platforms.Build.0 = Debug|Any CPU
		{71A113D1-1738-4D80-A115-F585817A6404}.Debug|x86.ActiveCfg = Debug|Any CPU
		{71A113D1-1738-4D80-A115-F585817A6404}.Release|Any CPU.ActiveCfg = Release|Any CPU
		{71A113D1-1738-4D80-A115-F585817A6404}.Release|Any CPU.Build.0 = Release|Any CPU
		{71A113D1-1738-4D80-A115-F585817A6404}.Release|Mixed Platforms.ActiveCfg = Release|Any CPU
		{71A113D1-1738-4D80-A115-F585817A6404}.Release|Mixed Platforms.Build.0 = Release|Any CPU
		{71A113D1-1738-4D80-A115-F585817A6404}.Release|x86.ActiveCfg = Release|Any CPU
		{34F8B86F-21E6-432B-B644-ADE6C1E573AE}.Debug|Any CPU.ActiveCfg = Debug|Any CPU
		{34F8B86F-21E6-432B-B644-ADE6C1E573AE}.Debug|Any CPU.Build.0 = Debug|Any CPU
		{34F8B86F-21E6-432B-B644-ADE6C1E573AE}.Debug|Mixed Platforms.ActiveCfg = Debug|Any CPU
		{34F8B86F-21E6-432B-B644-ADE6C1E573AE}.Debug|Mixed Platforms.Build.0 = Debug|Any CPU
		{34F8B86F-21E6-432B-B644-ADE6C1E573AE}.Debug|x86.ActiveCfg = Debug|Any CPU
		{34F8B86F-21E6-432B-B644-ADE6C1E573AE}.Release|Any CPU.ActiveCfg = Release|Any CPU
		{34F8B86F-21E6-432B-B644-ADE6C1E573AE}.Release|Any CPU.Build.0 = Release|Any CPU
		{34F8B86F-21E6-432B-B644-ADE6C1E573AE}.Release|Mixed Platforms.ActiveCfg = Release|Any CPU
		{34F8B86F-21E6-432B-B644-ADE6C1E573AE}.Release|Mixed Platforms.Build.0 = Release|Any CPU
		{34F8B86F-21E6-432B-B644-ADE6C1E573AE}.Release|x86.ActiveCfg = Release|Any CPU
		{EB5F5114-91AC-4CD5-9C38-36B15AA67B64}.Debug|Any CPU.ActiveCfg = Debug|Any CPU
		{EB5F5114-91AC-4CD5-9C38-36B15AA67B64}.Debug|Any CPU.Build.0 = Debug|Any CPU
		{EB5F5114-91AC-4CD5-9C38-36B15AA67B64}.Debug|Mixed Platforms.ActiveCfg = Debug|Any CPU
		{EB5F5114-91AC-4CD5-9C38-36B15AA67B64}.Debug|Mixed Platforms.Build.0 = Debug|Any CPU
		{EB5F5114-91AC-4CD5-9C38-36B15AA67B64}.Debug|x86.ActiveCfg = Debug|Any CPU
		{EB5F5114-91AC-4CD5-9C38-36B15AA67B64}.Release|Any CPU.ActiveCfg = Release|Any CPU
		{EB5F5114-91AC-4CD5-9C38-36B15AA67B64}.Release|Any CPU.Build.0 = Release|Any CPU
		{EB5F5114-91AC-4CD5-9C38-36B15AA67B64}.Release|Mixed Platforms.ActiveCfg = Release|Any CPU
		{EB5F5114-91AC-4CD5-9C38-36B15AA67B64}.Release|Mixed Platforms.Build.0 = Release|Any CPU
		{EB5F5114-91AC-4CD5-9C38-36B15AA67B64}.Release|x86.ActiveCfg = Release|Any CPU
	EndGlobalSection
	GlobalSection(SolutionProperties) = preSolution
		HideSolutionNode = FALSE
	EndGlobalSection
EndGlobal
